
Microsoft Visual Studio Solution File, Format Version 12.00
# Visual Studio Version 16
VisualStudioVersion = 16.0.30907.101
MinimumVisualStudioVersion = 10.0.40219.1
Project("{FAE04EC0-301F-11D3-BF4B-00C04F79EFBC}") = "10OddEvenSum", "10OddEvenSum\10OddEvenSum.csproj", "{F8EFEC99-AC33-4BEA-A5D3-02B36F9B9B39}"
EndProject
Global
	GlobalSection(SolutionConfigurationPlatforms) = preSolution
		Debug|Any CPU = Debug|Any CPU
		Release|Any CPU = Release|Any CPU
	EndGlobalSection
	GlobalSection(ProjectConfigurationPlatforms) = postSolution
		{F8EFEC99-AC33-4BEA-A5D3-02B36F9B9B39}.Debug|Any CPU.ActiveCfg = Debug|Any CPU
		{F8EFEC99-AC33-4BEA-A5D3-02B36F9B9B39}.Debug|Any CPU.Build.0 = Debug|Any CPU
		{F8EFEC99-AC33-4BEA-A5D3-02B36F9B9B39}.Release|Any CPU.ActiveCfg = Release|Any CPU
		{F8EFEC99-AC33-4BEA-A5D3-02B36F9B9B39}.Release|Any CPU.Build.0 = Release|Any CPU
	EndGlobalSection
	GlobalSection(SolutionProperties) = preSolution
		HideSolutionNode = FALSE
	EndGlobalSection
	GlobalSection(ExtensibilityGlobals) = postSolution
		SolutionGuid = {A556DC64-ACCF-450C-88DB-96706DBAB4CD}
	EndGlobalSection
EndGlobal
