
Microsoft Visual Studio Solution File, Format Version 12.00
# Visual Studio Version 16
VisualStudioVersion = 16.0.30907.101
MinimumVisualStudioVersion = 10.0.40219.1
Project("{FAE04EC0-301F-11D3-BF4B-00C04F79EFBC}") = "newHouse", "newHouse\newHouse.csproj", "{72412A0E-F316-490D-A65E-E760C06A317F}"
EndProject
Global
	GlobalSection(SolutionConfigurationPlatforms) = preSolution
		Debug|Any CPU = Debug|Any CPU
		Release|Any CPU = Release|Any CPU
	EndGlobalSection
	GlobalSection(ProjectConfigurationPlatforms) = postSolution
		{72412A0E-F316-490D-A65E-E760C06A317F}.Debug|Any CPU.ActiveCfg = Debug|Any CPU
		{72412A0E-F316-490D-A65E-E760C06A317F}.Debug|Any CPU.Build.0 = Debug|Any CPU
		{72412A0E-F316-490D-A65E-E760C06A317F}.Release|Any CPU.ActiveCfg = Release|Any CPU
		{72412A0E-F316-490D-A65E-E760C06A317F}.Release|Any CPU.Build.0 = Release|Any CPU
	EndGlobalSection
	GlobalSection(SolutionProperties) = preSolution
		HideSolutionNode = FALSE
	EndGlobalSection
	GlobalSection(ExtensibilityGlobals) = postSolution
		SolutionGuid = {2D453569-928C-4904-82CA-B901FA67DE2A}
	EndGlobalSection
EndGlobal
