
Microsoft Visual Studio Solution File, Format Version 12.00
# Visual Studio Version 16
VisualStudioVersion = 16.0.30907.101
MinimumVisualStudioVersion = 10.0.40219.1
Project("{FAE04EC0-301F-11D3-BF4B-00C04F79EFBC}") = "05DivideWithoutRemainder", "05DivideWithoutRemainder\05DivideWithoutRemainder.csproj", "{C9CCE5A0-A45B-4392-8B60-F09DE8D19578}"
EndProject
Global
	GlobalSection(SolutionConfigurationPlatforms) = preSolution
		Debug|Any CPU = Debug|Any CPU
		Release|Any CPU = Release|Any CPU
	EndGlobalSection
	GlobalSection(ProjectConfigurationPlatforms) = postSolution
		{C9CCE5A0-A45B-4392-8B60-F09DE8D19578}.Debug|Any CPU.ActiveCfg = Debug|Any CPU
		{C9CCE5A0-A45B-4392-8B60-F09DE8D19578}.Debug|Any CPU.Build.0 = Debug|Any CPU
		{C9CCE5A0-A45B-4392-8B60-F09DE8D19578}.Release|Any CPU.ActiveCfg = Release|Any CPU
		{C9CCE5A0-A45B-4392-8B60-F09DE8D19578}.Release|Any CPU.Build.0 = Release|Any CPU
	EndGlobalSection
	GlobalSection(SolutionProperties) = preSolution
		HideSolutionNode = FALSE
	EndGlobalSection
	GlobalSection(ExtensibilityGlobals) = postSolution
		SolutionGuid = {EACC8E08-1721-40ED-94E5-A9166E9B8101}
	EndGlobalSection
EndGlobal
