
Microsoft Visual Studio Solution File, Format Version 12.00
# Visual Studio Version 16
VisualStudioVersion = 16.0.31424.327
MinimumVisualStudioVersion = 10.0.40219.1
Project("{9A19103F-16F7-4668-BE54-9A1E7A4F7556}") = "05order", "05order\05order.csproj", "{A348B31C-85A9-4946-BB1F-32169E221EDC}"
EndProject
Project("{9A19103F-16F7-4668-BE54-9A1E7A4F7556}") = "05carpark", "05carpark\05carpark.csproj", "{8478E867-1CEF-4AAB-B4BB-88EFD7BF2067}"
EndProject
Project("{FAE04EC0-301F-11D3-BF4B-00C04F79EFBC}") = "03subString", "03subString\03subString.csproj", "{DE7EBFEC-041B-4C5A-ABA4-CDF2FED5AFFF}"
EndProject
Global
	GlobalSection(SolutionConfigurationPlatforms) = preSolution
		Debug|Any CPU = Debug|Any CPU
		Release|Any CPU = Release|Any CPU
	EndGlobalSection
	GlobalSection(ProjectConfigurationPlatforms) = postSolution
		{A348B31C-85A9-4946-BB1F-32169E221EDC}.Debug|Any CPU.ActiveCfg = Debug|Any CPU
		{A348B31C-85A9-4946-BB1F-32169E221EDC}.Debug|Any CPU.Build.0 = Debug|Any CPU
		{A348B31C-85A9-4946-BB1F-32169E221EDC}.Release|Any CPU.ActiveCfg = Release|Any CPU
		{A348B31C-85A9-4946-BB1F-32169E221EDC}.Release|Any CPU.Build.0 = Release|Any CPU
		{8478E867-1CEF-4AAB-B4BB-88EFD7BF2067}.Debug|Any CPU.ActiveCfg = Debug|Any CPU
		{8478E867-1CEF-4AAB-B4BB-88EFD7BF2067}.Debug|Any CPU.Build.0 = Debug|Any CPU
		{8478E867-1CEF-4AAB-B4BB-88EFD7BF2067}.Release|Any CPU.ActiveCfg = Release|Any CPU
		{8478E867-1CEF-4AAB-B4BB-88EFD7BF2067}.Release|Any CPU.Build.0 = Release|Any CPU
		{DE7EBFEC-041B-4C5A-ABA4-CDF2FED5AFFF}.Debug|Any CPU.ActiveCfg = Debug|Any CPU
		{DE7EBFEC-041B-4C5A-ABA4-CDF2FED5AFFF}.Debug|Any CPU.Build.0 = Debug|Any CPU
		{DE7EBFEC-041B-4C5A-ABA4-CDF2FED5AFFF}.Release|Any CPU.ActiveCfg = Release|Any CPU
		{DE7EBFEC-041B-4C5A-ABA4-CDF2FED5AFFF}.Release|Any CPU.Build.0 = Release|Any CPU
	EndGlobalSection
	GlobalSection(SolutionProperties) = preSolution
		HideSolutionNode = FALSE
	EndGlobalSection
	GlobalSection(ExtensibilityGlobals) = postSolution
		SolutionGuid = {AB726290-5ED7-4A20-804C-66CBAD0EE62B}
	EndGlobalSection
EndGlobal
