
Microsoft Visual Studio Solution File, Format Version 12.00
# Visual Studio Version 16
VisualStudioVersion = 16.0.30907.101
MinimumVisualStudioVersion = 10.0.40219.1
Project("{FAE04EC0-301F-11D3-BF4B-00C04F79EFBC}") = "dicount1", "dicount1\dicount1.csproj", "{F8F4B297-46C8-4584-9BC0-78DA6B04A788}"
EndProject
Global
	GlobalSection(SolutionConfigurationPlatforms) = preSolution
		Debug|Any CPU = Debug|Any CPU
		Release|Any CPU = Release|Any CPU
	EndGlobalSection
	GlobalSection(ProjectConfigurationPlatforms) = postSolution
		{F8F4B297-46C8-4584-9BC0-78DA6B04A788}.Debug|Any CPU.ActiveCfg = Debug|Any CPU
		{F8F4B297-46C8-4584-9BC0-78DA6B04A788}.Debug|Any CPU.Build.0 = Debug|Any CPU
		{F8F4B297-46C8-4584-9BC0-78DA6B04A788}.Release|Any CPU.ActiveCfg = Release|Any CPU
		{F8F4B297-46C8-4584-9BC0-78DA6B04A788}.Release|Any CPU.Build.0 = Release|Any CPU
	EndGlobalSection
	GlobalSection(SolutionProperties) = preSolution
		HideSolutionNode = FALSE
	EndGlobalSection
	GlobalSection(ExtensibilityGlobals) = postSolution
		SolutionGuid = {BEEFD253-4C03-4773-8CB3-C9E5A2F4FF99}
	EndGlobalSection
EndGlobal
