
Microsoft Visual Studio Solution File, Format Version 12.00
# Visual Studio Version 16
VisualStudioVersion = 16.0.30907.101
MinimumVisualStudioVersion = 10.0.40219.1
Project("{FAE04EC0-301F-11D3-BF4B-00C04F79EFBC}") = "nomAfter3", "nomAfter3\nomAfter3.csproj", "{66AC0754-4CE1-4CF4-895B-5D5EE252DA32}"
EndProject
Global
	GlobalSection(SolutionConfigurationPlatforms) = preSolution
		Debug|Any CPU = Debug|Any CPU
		Release|Any CPU = Release|Any CPU
	EndGlobalSection
	GlobalSection(ProjectConfigurationPlatforms) = postSolution
		{66AC0754-4CE1-4CF4-895B-5D5EE252DA32}.Debug|Any CPU.ActiveCfg = Debug|Any CPU
		{66AC0754-4CE1-4CF4-895B-5D5EE252DA32}.Debug|Any CPU.Build.0 = Debug|Any CPU
		{66AC0754-4CE1-4CF4-895B-5D5EE252DA32}.Release|Any CPU.ActiveCfg = Release|Any CPU
		{66AC0754-4CE1-4CF4-895B-5D5EE252DA32}.Release|Any CPU.Build.0 = Release|Any CPU
	EndGlobalSection
	GlobalSection(SolutionProperties) = preSolution
		HideSolutionNode = FALSE
	EndGlobalSection
	GlobalSection(ExtensibilityGlobals) = postSolution
		SolutionGuid = {AC475476-6D89-4683-9FC8-798B013E2FD3}
	EndGlobalSection
EndGlobal
