
Microsoft Visual Studio Solution File, Format Version 12.00
# Visual Studio Version 16
VisualStudioVersion = 16.0.30907.101
MinimumVisualStudioVersion = 10.0.40219.1
Project("{FAE04EC0-301F-11D3-BF4B-00C04F79EFBC}") = "Summer Outfit", "Summer Outfit\Summer Outfit.csproj", "{09E409CD-9358-4831-BC02-EB47E10F7780}"
EndProject
Global
	GlobalSection(SolutionConfigurationPlatforms) = preSolution
		Debug|Any CPU = Debug|Any CPU
		Release|Any CPU = Release|Any CPU
	EndGlobalSection
	GlobalSection(ProjectConfigurationPlatforms) = postSolution
		{09E409CD-9358-4831-BC02-EB47E10F7780}.Debug|Any CPU.ActiveCfg = Debug|Any CPU
		{09E409CD-9358-4831-BC02-EB47E10F7780}.Debug|Any CPU.Build.0 = Debug|Any CPU
		{09E409CD-9358-4831-BC02-EB47E10F7780}.Release|Any CPU.ActiveCfg = Release|Any CPU
		{09E409CD-9358-4831-BC02-EB47E10F7780}.Release|Any CPU.Build.0 = Release|Any CPU
	EndGlobalSection
	GlobalSection(SolutionProperties) = preSolution
		HideSolutionNode = FALSE
	EndGlobalSection
	GlobalSection(ExtensibilityGlobals) = postSolution
		SolutionGuid = {5A4AEA4E-3EEF-4711-9EF2-EE94BD0B5243}
	EndGlobalSection
EndGlobal
