
Microsoft Visual Studio Solution File, Format Version 12.00
# Visual Studio Version 16
VisualStudioVersion = 16.0.30907.101
MinimumVisualStudioVersion = 10.0.40219.1
Project("{FAE04EC0-301F-11D3-BF4B-00C04F79EFBC}") = "bollX", "bollX\bollX.csproj", "{127B224A-4C01-4981-A182-C3347F2B6D31}"
EndProject
Global
	GlobalSection(SolutionConfigurationPlatforms) = preSolution
		Debug|Any CPU = Debug|Any CPU
		Release|Any CPU = Release|Any CPU
	EndGlobalSection
	GlobalSection(ProjectConfigurationPlatforms) = postSolution
		{127B224A-4C01-4981-A182-C3347F2B6D31}.Debug|Any CPU.ActiveCfg = Debug|Any CPU
		{127B224A-4C01-4981-A182-C3347F2B6D31}.Debug|Any CPU.Build.0 = Debug|Any CPU
		{127B224A-4C01-4981-A182-C3347F2B6D31}.Release|Any CPU.ActiveCfg = Release|Any CPU
		{127B224A-4C01-4981-A182-C3347F2B6D31}.Release|Any CPU.Build.0 = Release|Any CPU
	EndGlobalSection
	GlobalSection(SolutionProperties) = preSolution
		HideSolutionNode = FALSE
	EndGlobalSection
	GlobalSection(ExtensibilityGlobals) = postSolution
		SolutionGuid = {B0799F2E-957D-45BF-B85A-14C2C5337CBE}
	EndGlobalSection
EndGlobal
