
Microsoft Visual Studio Solution File, Format Version 12.00
# Visual Studio Version 16
VisualStudioVersion = 16.0.30907.101
MinimumVisualStudioVersion = 10.0.40219.1
Project("{FAE04EC0-301F-11D3-BF4B-00C04F79EFBC}") = "AccountBalance", "AccountBalance\AccountBalance.csproj", "{B537DDBB-4A9A-4B3E-BE9A-1EBE93865F4B}"
EndProject
Global
	GlobalSection(SolutionConfigurationPlatforms) = preSolution
		Debug|Any CPU = Debug|Any CPU
		Release|Any CPU = Release|Any CPU
	EndGlobalSection
	GlobalSection(ProjectConfigurationPlatforms) = postSolution
		{B537DDBB-4A9A-4B3E-BE9A-1EBE93865F4B}.Debug|Any CPU.ActiveCfg = Debug|Any CPU
		{B537DDBB-4A9A-4B3E-BE9A-1EBE93865F4B}.Debug|Any CPU.Build.0 = Debug|Any CPU
		{B537DDBB-4A9A-4B3E-BE9A-1EBE93865F4B}.Release|Any CPU.ActiveCfg = Release|Any CPU
		{B537DDBB-4A9A-4B3E-BE9A-1EBE93865F4B}.Release|Any CPU.Build.0 = Release|Any CPU
	EndGlobalSection
	GlobalSection(SolutionProperties) = preSolution
		HideSolutionNode = FALSE
	EndGlobalSection
	GlobalSection(ExtensibilityGlobals) = postSolution
		SolutionGuid = {5EFB2DCD-5821-48BD-BBEA-D3E3ED53138C}
	EndGlobalSection
EndGlobal
