
Microsoft Visual Studio Solution File, Format Version 12.00
# Visual Studio Version 16
VisualStudioVersion = 16.0.30907.101
MinimumVisualStudioVersion = 10.0.40219.1
Project("{FAE04EC0-301F-11D3-BF4B-00C04F79EFBC}") = "22222", "22222\22222.csproj", "{A1981D5B-AD5B-46D1-81F5-DC9B11AFFFF9}"
EndProject
Global
	GlobalSection(SolutionConfigurationPlatforms) = preSolution
		Debug|Any CPU = Debug|Any CPU
		Release|Any CPU = Release|Any CPU
	EndGlobalSection
	GlobalSection(ProjectConfigurationPlatforms) = postSolution
		{A1981D5B-AD5B-46D1-81F5-DC9B11AFFFF9}.Debug|Any CPU.ActiveCfg = Debug|Any CPU
		{A1981D5B-AD5B-46D1-81F5-DC9B11AFFFF9}.Debug|Any CPU.Build.0 = Debug|Any CPU
		{A1981D5B-AD5B-46D1-81F5-DC9B11AFFFF9}.Release|Any CPU.ActiveCfg = Release|Any CPU
		{A1981D5B-AD5B-46D1-81F5-DC9B11AFFFF9}.Release|Any CPU.Build.0 = Release|Any CPU
	EndGlobalSection
	GlobalSection(SolutionProperties) = preSolution
		HideSolutionNode = FALSE
	EndGlobalSection
	GlobalSection(ExtensibilityGlobals) = postSolution
		SolutionGuid = {1789A6B9-9C3C-4C0B-8064-1940BF4DB9E0}
	EndGlobalSection
EndGlobal
