
Microsoft Visual Studio Solution File, Format Version 12.00
# Visual Studio Version 16
VisualStudioVersion = 16.0.30907.101
MinimumVisualStudioVersion = 10.0.40219.1
Project("{FAE04EC0-301F-11D3-BF4B-00C04F79EFBC}") = "sumsec", "sumsec\sumsec.csproj", "{EC3BC4C2-24BD-427B-B746-16C884940CC8}"
EndProject
Global
	GlobalSection(SolutionConfigurationPlatforms) = preSolution
		Debug|Any CPU = Debug|Any CPU
		Release|Any CPU = Release|Any CPU
	EndGlobalSection
	GlobalSection(ProjectConfigurationPlatforms) = postSolution
		{EC3BC4C2-24BD-427B-B746-16C884940CC8}.Debug|Any CPU.ActiveCfg = Debug|Any CPU
		{EC3BC4C2-24BD-427B-B746-16C884940CC8}.Debug|Any CPU.Build.0 = Debug|Any CPU
		{EC3BC4C2-24BD-427B-B746-16C884940CC8}.Release|Any CPU.ActiveCfg = Release|Any CPU
		{EC3BC4C2-24BD-427B-B746-16C884940CC8}.Release|Any CPU.Build.0 = Release|Any CPU
	EndGlobalSection
	GlobalSection(SolutionProperties) = preSolution
		HideSolutionNode = FALSE
	EndGlobalSection
	GlobalSection(ExtensibilityGlobals) = postSolution
		SolutionGuid = {BE607390-F640-46E5-B7ED-1FB4E8D71325}
	EndGlobalSection
EndGlobal
