
Microsoft Visual Studio Solution File, Format Version 12.00
# Visual Studio Version 16
VisualStudioVersion = 16.0.30907.101
MinimumVisualStudioVersion = 10.0.40219.1
Project("{FAE04EC0-301F-11D3-BF4B-00C04F79EFBC}") = "01dayOfWeek", "01dayOfWeek\01dayOfWeek.csproj", "{DEE93E7A-6C58-474F-9D0D-C8034BC32D82}"
EndProject
Project("{FAE04EC0-301F-11D3-BF4B-00C04F79EFBC}") = "02WeekendOrWorkingDay", "02WeekendOrWorkingDay\02WeekendOrWorkingDay.csproj", "{D73A2651-5609-490B-8514-52C356000B40}"
EndProject
Project("{FAE04EC0-301F-11D3-BF4B-00C04F79EFBC}") = "03AnimalType", "03AnimalType\03AnimalType.csproj", "{D420246D-82EF-4D82-BB17-6011579E5E10}"
EndProject
Global
	GlobalSection(SolutionConfigurationPlatforms) = preSolution
		Debug|Any CPU = Debug|Any CPU
		Release|Any CPU = Release|Any CPU
	EndGlobalSection
	GlobalSection(ProjectConfigurationPlatforms) = postSolution
		{DEE93E7A-6C58-474F-9D0D-C8034BC32D82}.Debug|Any CPU.ActiveCfg = Debug|Any CPU
		{DEE93E7A-6C58-474F-9D0D-C8034BC32D82}.Debug|Any CPU.Build.0 = Debug|Any CPU
		{DEE93E7A-6C58-474F-9D0D-C8034BC32D82}.Release|Any CPU.ActiveCfg = Release|Any CPU
		{DEE93E7A-6C58-474F-9D0D-C8034BC32D82}.Release|Any CPU.Build.0 = Release|Any CPU
		{D73A2651-5609-490B-8514-52C356000B40}.Debug|Any CPU.ActiveCfg = Debug|Any CPU
		{D73A2651-5609-490B-8514-52C356000B40}.Debug|Any CPU.Build.0 = Debug|Any CPU
		{D73A2651-5609-490B-8514-52C356000B40}.Release|Any CPU.ActiveCfg = Release|Any CPU
		{D73A2651-5609-490B-8514-52C356000B40}.Release|Any CPU.Build.0 = Release|Any CPU
		{D420246D-82EF-4D82-BB17-6011579E5E10}.Debug|Any CPU.ActiveCfg = Debug|Any CPU
		{D420246D-82EF-4D82-BB17-6011579E5E10}.Debug|Any CPU.Build.0 = Debug|Any CPU
		{D420246D-82EF-4D82-BB17-6011579E5E10}.Release|Any CPU.ActiveCfg = Release|Any CPU
		{D420246D-82EF-4D82-BB17-6011579E5E10}.Release|Any CPU.Build.0 = Release|Any CPU
	EndGlobalSection
	GlobalSection(SolutionProperties) = preSolution
		HideSolutionNode = FALSE
	EndGlobalSection
	GlobalSection(ExtensibilityGlobals) = postSolution
		SolutionGuid = {913C0AD6-7521-4569-887F-CD581219E801}
	EndGlobalSection
EndGlobal
