
Microsoft Visual Studio Solution File, Format Version 12.00
# Visual Studio Version 16
VisualStudioVersion = 16.0.30907.101
MinimumVisualStudioVersion = 10.0.40219.1
Project("{FAE04EC0-301F-11D3-BF4B-00C04F79EFBC}") = "dogFood", "dogFood\dogFood.csproj", "{EFFB9DCA-004D-4E6D-93BF-E224A2DA4ABC}"
EndProject
Global
	GlobalSection(SolutionConfigurationPlatforms) = preSolution
		Debug|Any CPU = Debug|Any CPU
		Release|Any CPU = Release|Any CPU
	EndGlobalSection
	GlobalSection(ProjectConfigurationPlatforms) = postSolution
		{EFFB9DCA-004D-4E6D-93BF-E224A2DA4ABC}.Debug|Any CPU.ActiveCfg = Debug|Any CPU
		{EFFB9DCA-004D-4E6D-93BF-E224A2DA4ABC}.Debug|Any CPU.Build.0 = Debug|Any CPU
		{EFFB9DCA-004D-4E6D-93BF-E224A2DA4ABC}.Release|Any CPU.ActiveCfg = Release|Any CPU
		{EFFB9DCA-004D-4E6D-93BF-E224A2DA4ABC}.Release|Any CPU.Build.0 = Release|Any CPU
	EndGlobalSection
	GlobalSection(SolutionProperties) = preSolution
		HideSolutionNode = FALSE
	EndGlobalSection
	GlobalSection(ExtensibilityGlobals) = postSolution
		SolutionGuid = {F5BC4608-39E9-435C-9734-119081C0716B}
	EndGlobalSection
EndGlobal
