
Microsoft Visual Studio Solution File, Format Version 12.00
# Visual Studio Version 16
VisualStudioVersion = 16.0.30907.101
MinimumVisualStudioVersion = 10.0.40219.1
Project("{FAE04EC0-301F-11D3-BF4B-00C04F79EFBC}") = "book", "book\book.csproj", "{FF4AD9BA-8E59-4B84-A088-911B57EEA28F}"
EndProject
Global
	GlobalSection(SolutionConfigurationPlatforms) = preSolution
		Debug|Any CPU = Debug|Any CPU
		Release|Any CPU = Release|Any CPU
	EndGlobalSection
	GlobalSection(ProjectConfigurationPlatforms) = postSolution
		{FF4AD9BA-8E59-4B84-A088-911B57EEA28F}.Debug|Any CPU.ActiveCfg = Debug|Any CPU
		{FF4AD9BA-8E59-4B84-A088-911B57EEA28F}.Debug|Any CPU.Build.0 = Debug|Any CPU
		{FF4AD9BA-8E59-4B84-A088-911B57EEA28F}.Release|Any CPU.ActiveCfg = Release|Any CPU
		{FF4AD9BA-8E59-4B84-A088-911B57EEA28F}.Release|Any CPU.Build.0 = Release|Any CPU
	EndGlobalSection
	GlobalSection(SolutionProperties) = preSolution
		HideSolutionNode = FALSE
	EndGlobalSection
	GlobalSection(ExtensibilityGlobals) = postSolution
		SolutionGuid = {0AC75FF5-9DC0-4AE3-A4CF-7C733C87E8A9}
	EndGlobalSection
EndGlobal
